// !$*UTF8*$!
{
	archiveVersion = 1;
	classes = {
	};
	objectVersion = 56;
	objects = {

/* Begin PBXBuildFile section */
		0400A2F22A153E4E000A6645 /* TheaterRow.swift in Sources */ = {isa = PBXBuildFile; fileRef = 0400A2F12A153E4E000A6645 /* TheaterRow.swift */; };
		0400A2F62A154103000A6645 /* TheaterList.swift in Sources */ = {isa = PBXBuildFile; fileRef = 0400A2F52A154103000A6645 /* TheaterList.swift */; };
		0400A2F82A154CE9000A6645 /* Theater.swift in Sources */ = {isa = PBXBuildFile; fileRef = 0400A2F72A154CE9000A6645 /* Theater.swift */; };
		0400A2FA2A17042B000A6645 /* TheaterDetail.swift in Sources */ = {isa = PBXBuildFile; fileRef = 0400A2F92A17042B000A6645 /* TheaterDetail.swift */; };
		0400A2FC2A1707FF000A6645 /* MapView.swift in Sources */ = {isa = PBXBuildFile; fileRef = 0400A2FB2A1707FF000A6645 /* MapView.swift */; };
		04647E422A0DC593001B55B4 /* MovieHubApp.swift in Sources */ = {isa = PBXBuildFile; fileRef = 04647E412A0DC593001B55B4 /* MovieHubApp.swift */; };
		04647E442A0DC593001B55B4 /* ContentView.swift in Sources */ = {isa = PBXBuildFile; fileRef = 04647E432A0DC593001B55B4 /* ContentView.swift */; };
		04647E462A0DC595001B55B4 /* Assets.xcassets in Resources */ = {isa = PBXBuildFile; fileRef = 04647E452A0DC595001B55B4 /* Assets.xcassets */; };
		04647E492A0DC595001B55B4 /* Preview Assets.xcassets in Resources */ = {isa = PBXBuildFile; fileRef = 04647E482A0DC595001B55B4 /* Preview Assets.xcassets */; };
		04647E4B2A0DC595001B55B4 /* Persistence.swift in Sources */ = {isa = PBXBuildFile; fileRef = 04647E4A2A0DC595001B55B4 /* Persistence.swift */; };
		04647E4E2A0DC595001B55B4 /* MovieHub.xcdatamodeld in Sources */ = {isa = PBXBuildFile; fileRef = 04647E4C2A0DC595001B55B4 /* MovieHub.xcdatamodeld */; };
/* End PBXBuildFile section */

/* Begin PBXFileReference section */
		0400A2F12A153E4E000A6645 /* TheaterRow.swift */ = {isa = PBXFileReference; lastKnownFileType = sourcecode.swift; path = TheaterRow.swift; sourceTree = "<group>"; };
		0400A2F52A154103000A6645 /* TheaterList.swift */ = {isa = PBXFileReference; lastKnownFileType = sourcecode.swift; path = TheaterList.swift; sourceTree = "<group>"; };
		0400A2F72A154CE9000A6645 /* Theater.swift */ = {isa = PBXFileReference; lastKnownFileType = sourcecode.swift; path = Theater.swift; sourceTree = "<group>"; };
		0400A2F92A17042B000A6645 /* TheaterDetail.swift */ = {isa = PBXFileReference; lastKnownFileType = sourcecode.swift; path = TheaterDetail.swift; sourceTree = "<group>"; };
		0400A2FB2A1707FF000A6645 /* MapView.swift */ = {isa = PBXFileReference; lastKnownFileType = sourcecode.swift; path = MapView.swift; sourceTree = "<group>"; };
		04647E3E2A0DC593001B55B4 /* MovieHub.app */ = {isa = PBXFileReference; explicitFileType = wrapper.application; includeInIndex = 0; path = MovieHub.app; sourceTree = BUILT_PRODUCTS_DIR; };
		04647E412A0DC593001B55B4 /* MovieHubApp.swift */ = {isa = PBXFileReference; lastKnownFileType = sourcecode.swift; path = MovieHubApp.swift; sourceTree = "<group>"; };
		04647E432A0DC593001B55B4 /* ContentView.swift */ = {isa = PBXFileReference; lastKnownFileType = sourcecode.swift; path = ContentView.swift; sourceTree = "<group>"; };
		04647E452A0DC595001B55B4 /* Assets.xcassets */ = {isa = PBXFileReference; lastKnownFileType = folder.assetcatalog; path = Assets.xcassets; sourceTree = "<group>"; };
		04647E482A0DC595001B55B4 /* Preview Assets.xcassets */ = {isa = PBXFileReference; lastKnownFileType = folder.assetcatalog; path = "Preview Assets.xcassets"; sourceTree = "<group>"; };
		04647E4A2A0DC595001B55B4 /* Persistence.swift */ = {isa = PBXFileReference; lastKnownFileType = sourcecode.swift; path = Persistence.swift; sourceTree = "<group>"; };
		04647E4D2A0DC595001B55B4 /* MovieHub.xcdatamodel */ = {isa = PBXFileReference; lastKnownFileType = wrapper.xcdatamodel; path = MovieHub.xcdatamodel; sourceTree = "<group>"; };
/* End PBXFileReference section */

/* Begin PBXFrameworksBuildPhase section */
		04647E3B2A0DC593001B55B4 /* Frameworks */ = {
			isa = PBXFrameworksBuildPhase;
			buildActionMask = 2147483647;
			files = (
			);
			runOnlyForDeploymentPostprocessing = 0;
		};
/* End PBXFrameworksBuildPhase section */

/* Begin PBXGroup section */
		04647E352A0DC593001B55B4 = {
			isa = PBXGroup;
			children = (
				04647E402A0DC593001B55B4 /* MovieHub */,
				04647E3F2A0DC593001B55B4 /* Products */,
			);
			sourceTree = "<group>";
		};
		04647E3F2A0DC593001B55B4 /* Products */ = {
			isa = PBXGroup;
			children = (
				04647E3E2A0DC593001B55B4 /* MovieHub.app */,
			);
			name = Products;
			sourceTree = "<group>";
		};
		04647E402A0DC593001B55B4 /* MovieHub */ = {
			isa = PBXGroup;
			children = (
				0400A2F92A17042B000A6645 /* TheaterDetail.swift */,
				0400A2F72A154CE9000A6645 /* Theater.swift */,
				04647E412A0DC593001B55B4 /* MovieHubApp.swift */,
				04647E432A0DC593001B55B4 /* ContentView.swift */,
				04647E452A0DC595001B55B4 /* Assets.xcassets */,
				04647E4A2A0DC595001B55B4 /* Persistence.swift */,
				04647E4C2A0DC595001B55B4 /* MovieHub.xcdatamodeld */,
				04647E472A0DC595001B55B4 /* Preview Content */,
				0400A2F12A153E4E000A6645 /* TheaterRow.swift */,
				0400A2F52A154103000A6645 /* TheaterList.swift */,
				0400A2FB2A1707FF000A6645 /* MapView.swift */,
			);
			path = MovieHub;
			sourceTree = "<group>";
		};
		04647E472A0DC595001B55B4 /* Preview Content */ = {
			isa = PBXGroup;
			children = (
				04647E482A0DC595001B55B4 /* Preview Assets.xcassets */,
			);
			path = "Preview Content";
			sourceTree = "<group>";
		};
/* End PBXGroup section */

/* Begin PBXNativeTarget section */
		04647E3D2A0DC593001B55B4 /* MovieHub */ = {
			isa = PBXNativeTarget;
			buildConfigurationList = 04647E512A0DC595001B55B4 /* Build configuration list for PBXNativeTarget "MovieHub" */;
			buildPhases = (
				04647E3A2A0DC593001B55B4 /* Sources */,
				04647E3B2A0DC593001B55B4 /* Frameworks */,
				04647E3C2A0DC593001B55B4 /* Resources */,
			);
			buildRules = (
			);
			dependencies = (
			);
			name = MovieHub;
			productName = MovieHub;
			productReference = 04647E3E2A0DC593001B55B4 /* MovieHub.app */;
			productType = "com.apple.product-type.application";
		};
/* End PBXNativeTarget section */

/* Begin PBXProject section */
		04647E362A0DC593001B55B4 /* Project object */ = {
			isa = PBXProject;
			attributes = {
				BuildIndependentTargetsInParallel = 1;
				LastSwiftUpdateCheck = 1420;
				LastUpgradeCheck = 1420;
				TargetAttributes = {
					04647E3D2A0DC593001B55B4 = {
						CreatedOnToolsVersion = 14.2;
					};
				};
			};
			buildConfigurationList = 04647E392A0DC593001B55B4 /* Build configuration list for PBXProject "MovieHub" */;
			compatibilityVersion = "Xcode 14.0";
			developmentRegion = en;
			hasScannedForEncodings = 0;
			knownRegions = (
				en,
				Base,
			);
			mainGroup = 04647E352A0DC593001B55B4;
			productRefGroup = 04647E3F2A0DC593001B55B4 /* Products */;
			projectDirPath = "";
			projectRoot = "";
			targets = (
				04647E3D2A0DC593001B55B4 /* MovieHub */,
			);
		};
/* End PBXProject section */

/* Begin PBXResourcesBuildPhase section */
		04647E3C2A0DC593001B55B4 /* Resources */ = {
			isa = PBXResourcesBuildPhase;
			buildActionMask = 2147483647;
			files = (
				04647E492A0DC595001B55B4 /* Preview Assets.xcassets in Resources */,
				04647E462A0DC595001B55B4 /* Assets.xcassets in Resources */,
			);
			runOnlyForDeploymentPostprocessing = 0;
		};
/* End PBXResourcesBuildPhase section */

/* Begin PBXSourcesBuildPhase section */
		04647E3A2A0DC593001B55B4 /* Sources */ = {
			isa = PBXSourcesBuildPhase;
			buildActionMask = 2147483647;
			files = (
				04647E4E2A0DC595001B55B4 /* MovieHub.xcdatamodeld in Sources */,
				0400A2F22A153E4E000A6645 /* TheaterRow.swift in Sources */,
				04647E4B2A0DC595001B55B4 /* Persistence.swift in Sources */,
				0400A2F82A154CE9000A6645 /* Theater.swift in Sources */,
				04647E442A0DC593001B55B4 /* ContentView.swift in Sources */,
				04647E422A0DC593001B55B4 /* MovieHubApp.swift in Sources */,
				0400A2FA2A17042B000A6645 /* TheaterDetail.swift in Sources */,
				0400A2FC2A1707FF000A6645 /* MapView.swift in Sources */,
				0400A2F62A154103000A6645 /* TheaterList.swift in Sources */,
			);
			runOnlyForDeploymentPostprocessing = 0;
		};
/* End PBXSourcesBuildPhase section */

/* Begin XCBuildConfiguration section */
		04647E4F2A0DC595001B55B4 /* Debug */ = {
			isa = XCBuildConfiguration;
			buildSettings = {
				ALWAYS_SEARCH_USER_PATHS = NO;
				CLANG_ANALYZER_NONNULL = YES;
				CLANG_ANALYZER_NUMBER_OBJECT_CONVERSION = YES_AGGRESSIVE;
				CLANG_CXX_LANGUAGE_STANDARD = "gnu++20";
				CLANG_ENABLE_MODULES = YES;
				CLANG_ENABLE_OBJC_ARC = YES;
				CLANG_ENABLE_OBJC_WEAK = YES;
				CLANG_WARN_BLOCK_CAPTURE_AUTORELEASING = YES;
				CLANG_WARN_BOOL_CONVERSION = YES;
				CLANG_WARN_COMMA = YES;
				CLANG_WARN_CONSTANT_CONVERSION = YES;
				CLANG_WARN_DEPRECATED_OBJC_IMPLEMENTATIONS = YES;
				CLANG_WARN_DIRECT_OBJC_ISA_USAGE = YES_ERROR;
				CLANG_WARN_DOCUMENTATION_COMMENTS = YES;
				CLANG_WARN_EMPTY_BODY = YES;
				CLANG_WARN_ENUM_CONVERSION = YES;
				CLANG_WARN_INFINITE_RECURSION = YES;
				CLANG_WARN_INT_CONVERSION = YES;
				CLANG_WARN_NON_LITERAL_NULL_CONVERSION = YES;
				CLANG_WARN_OBJC_IMPLICIT_RETAIN_SELF = YES;
				CLANG_WARN_OBJC_LITERAL_CONVERSION = YES;
				CLANG_WARN_OBJC_ROOT_CLASS = YES_ERROR;
				CLANG_WARN_QUOTED_INCLUDE_IN_FRAMEWORK_HEADER = YES;
				CLANG_WARN_RANGE_LOOP_ANALYSIS = YES;
				CLANG_WARN_STRICT_PROTOTYPES = YES;
				CLANG_WARN_SUSPICIOUS_MOVE = YES;
				CLANG_WARN_UNGUARDED_AVAILABILITY = YES_AGGRESSIVE;
				CLANG_WARN_UNREACHABLE_CODE = YES;
				CLANG_WARN__DUPLICATE_METHOD_MATCH = YES;
				COPY_PHASE_STRIP = NO;
				DEBUG_INFORMATION_FORMAT = dwarf;
				ENABLE_STRICT_OBJC_MSGSEND = YES;
				ENABLE_TESTABILITY = YES;
				GCC_C_LANGUAGE_STANDARD = gnu11;
				GCC_DYNAMIC_NO_PIC = NO;
				GCC_NO_COMMON_BLOCKS = YES;
				GCC_OPTIMIZATION_LEVEL = 0;
				GCC_PREPROCESSOR_DEFINITIONS = (
					"DEBUG=1",
					"$(inherited)",
				);
				GCC_WARN_64_TO_32_BIT_CONVERSION = YES;
				GCC_WARN_ABOUT_RETURN_TYPE = YES_ERROR;
				GCC_WARN_UNDECLARED_SELECTOR = YES;
				GCC_WARN_UNINITIALIZED_AUTOS = YES_AGGRESSIVE;
				GCC_WARN_UNUSED_FUNCTION = YES;
				GCC_WARN_UNUSED_VARIABLE = YES;
				IPHONEOS_DEPLOYMENT_TARGET = 16.2;
				MTL_ENABLE_DEBUG_INFO = INCLUDE_SOURCE;
				MTL_FAST_MATH = YES;
				ONLY_ACTIVE_ARCH = YES;
				SDKROOT = iphoneos;
				SWIFT_ACTIVE_COMPILATION_CONDITIONS = DEBUG;
				SWIFT_OPTIMIZATION_LEVEL = "-Onone";
			};
			name = Debug;
		};
		04647E502A0DC595001B55B4 /* Release */ = {
			isa = XCBuildConfiguration;
			buildSettings = {
				ALWAYS_SEARCH_USER_PATHS = NO;
				CLANG_ANALYZER_NONNULL = YES;
				CLANG_ANALYZER_NUMBER_OBJECT_CONVERSION = YES_AGGRESSIVE;
				CLANG_CXX_LANGUAGE_STANDARD = "gnu++20";
				CLANG_ENABLE_MODULES = YES;
				CLANG_ENABLE_OBJC_ARC = YES;
				CLANG_ENABLE_OBJC_WEAK = YES;
				CLANG_WARN_BLOCK_CAPTURE_AUTORELEASING = YES;
				CLANG_WARN_BOOL_CONVERSION = YES;
				CLANG_WARN_COMMA = YES;
				CLANG_WARN_CONSTANT_CONVERSION = YES;
				CLANG_WARN_DEPRECATED_OBJC_IMPLEMENTATIONS = YES;
				CLANG_WARN_DIRECT_OBJC_ISA_USAGE = YES_ERROR;
				CLANG_WARN_DOCUMENTATION_COMMENTS = YES;
				CLANG_WARN_EMPTY_BODY = YES;
				CLANG_WARN_ENUM_CONVERSION = YES;
				CLANG_WARN_INFINITE_RECURSION = YES;
				CLANG_WARN_INT_CONVERSION = YES;
				CLANG_WARN_NON_LITERAL_NULL_CONVERSION = YES;
				CLANG_WARN_OBJC_IMPLICIT_RETAIN_SELF = YES;
				CLANG_WARN_OBJC_LITERAL_CONVERSION = YES;
				CLANG_WARN_OBJC_ROOT_CLASS = YES_ERROR;
				CLANG_WARN_QUOTED_INCLUDE_IN_FRAMEWORK_HEADER = YES;
				CLANG_WARN_RANGE_LOOP_ANALYSIS = YES;
				CLANG_WARN_STRICT_PROTOTYPES = YES;
				CLANG_WARN_SUSPICIOUS_MOVE = YES;
				CLANG_WARN_UNGUARDED_AVAILABILITY = YES_AGGRESSIVE;
				CLANG_WARN_UNREACHABLE_CODE = YES;
				CLANG_WARN__DUPLICATE_METHOD_MATCH = YES;
				COPY_PHASE_STRIP = NO;
				DEBUG_INFORMATION_FORMAT = "dwarf-with-dsym";
				ENABLE_NS_ASSERTIONS = NO;
				ENABLE_STRICT_OBJC_MSGSEND = YES;
				GCC_C_LANGUAGE_STANDARD = gnu11;
				GCC_NO_COMMON_BLOCKS = YES;
				GCC_WARN_64_TO_32_BIT_CONVERSION = YES;
				GCC_WARN_ABOUT_RETURN_TYPE = YES_ERROR;
				GCC_WARN_UNDECLARED_SELECTOR = YES;
				GCC_WARN_UNINITIALIZED_AUTOS = YES_AGGRESSIVE;
				GCC_WARN_UNUSED_FUNCTION = YES;
				GCC_WARN_UNUSED_VARIABLE = YES;
				IPHONEOS_DEPLOYMENT_TARGET = 16.2;
				MTL_ENABLE_DEBUG_INFO = NO;
				MTL_FAST_MATH = YES;
				SDKROOT = iphoneos;
				SWIFT_COMPILATION_MODE = wholemodule;
				SWIFT_OPTIMIZATION_LEVEL = "-O";
				VALIDATE_PRODUCT = YES;
			};
			name = Release;
		};
		04647E522A0DC595001B55B4 /* Debug */ = {
			isa = XCBuildConfiguration;
			buildSettings = {
				ASSETCATALOG_COMPILER_APPICON_NAME = AppIcon;
				ASSETCATALOG_COMPILER_GLOBAL_ACCENT_COLOR_NAME = AccentColor;
				CODE_SIGN_STYLE = Automatic;
				CURRENT_PROJECT_VERSION = 1;
				DEVELOPMENT_ASSET_PATHS = "\"MovieHub/Preview Content\"";
				DEVELOPMENT_TEAM = 592BA54XZ3;
				ENABLE_PREVIEWS = YES;
				GENERATE_INFOPLIST_FILE = YES;
				INFOPLIST_KEY_UIApplicationSceneManifest_Generation = YES;
				INFOPLIST_KEY_UIApplicationSupportsIndirectInputEvents = YES;
				INFOPLIST_KEY_UILaunchScreen_Generation = YES;
				INFOPLIST_KEY_UISupportedInterfaceOrientations_iPad = "UIInterfaceOrientationPortrait UIInterfaceOrientationPortraitUpsideDown UIInterfaceOrientationLandscapeLeft UIInterfaceOrientationLandscapeRight";
				INFOPLIST_KEY_UISupportedInterfaceOrientations_iPhone = "UIInterfaceOrientationPortrait UIInterfaceOrientationLandscapeLeft UIInterfaceOrientationLandscapeRight";
				LD_RUNPATH_SEARCH_PATHS = (
					"$(inherited)",
					"@executable_path/Frameworks",
				);
				MARKETING_VERSION = 1.0;
				PRODUCT_BUNDLE_IDENTIFIER = nicholas.MovieHub;
				PRODUCT_NAME = "$(TARGET_NAME)";
				SWIFT_EMIT_LOC_STRINGS = YES;
				SWIFT_VERSION = 5.0;
				TARGETED_DEVICE_FAMILY = "1,2";
			};
			name = Debug;
		};
		04647E532A0DC595001B55B4 /* Release */ = {
			isa = XCBuildConfiguration;
			buildSettings = {
				ASSETCATALOG_COMPILER_APPICON_NAME = AppIcon;
				ASSETCATALOG_COMPILER_GLOBAL_ACCENT_COLOR_NAME = AccentColor;
				CODE_SIGN_STYLE = Automatic;
				CURRENT_PROJECT_VERSION = 1;
				DEVELOPMENT_ASSET_PATHS = "\"MovieHub/Preview Content\"";
				DEVELOPMENT_TEAM = 592BA54XZ3;
				ENABLE_PREVIEWS = YES;
				GENERATE_INFOPLIST_FILE = YES;
				INFOPLIST_KEY_UIApplicationSceneManifest_Generation = YES;
				INFOPLIST_KEY_UIApplicationSupportsIndirectInputEvents = YES;
				INFOPLIST_KEY_UILaunchScreen_Generation = YES;
				INFOPLIST_KEY_UISupportedInterfaceOrientations_iPad = "UIInterfaceOrientationPortrait UIInterfaceOrientationPortraitUpsideDown UIInterfaceOrientationLandscapeLeft UIInterfaceOrientationLandscapeRight";
				INFOPLIST_KEY_UISupportedInterfaceOrientations_iPhone = "UIInterfaceOrientationPortrait UIInterfaceOrientationLandscapeLeft UIInterfaceOrientationLandscapeRight";
				LD_RUNPATH_SEARCH_PATHS = (
					"$(inherited)",
					"@executable_path/Frameworks",
				);
				MARKETING_VERSION = 1.0;
				PRODUCT_BUNDLE_IDENTIFIER = nicholas.MovieHub;
				PRODUCT_NAME = "$(TARGET_NAME)";
				SWIFT_EMIT_LOC_STRINGS = YES;
				SWIFT_VERSION = 5.0;
				TARGETED_DEVICE_FAMILY = "1,2";
			};
			name = Release;
		};
/* End XCBuildConfiguration section */

/* Begin XCConfigurationList section */
		04647E392A0DC593001B55B4 /* Build configuration list for PBXProject "MovieHub" */ = {
			isa = XCConfigurationList;
			buildConfigurations = (
				04647E4F2A0DC595001B55B4 /* Debug */,
				04647E502A0DC595001B55B4 /* Release */,
			);
			defaultConfigurationIsVisible = 0;
			defaultConfigurationName = Release;
		};
		04647E512A0DC595001B55B4 /* Build configuration list for PBXNativeTarget "MovieHub" */ = {
			isa = XCConfigurationList;
			buildConfigurations = (
				04647E522A0DC595001B55B4 /* Debug */,
				04647E532A0DC595001B55B4 /* Release */,
			);
			defaultConfigurationIsVisible = 0;
			defaultConfigurationName = Release;
		};
/* End XCConfigurationList section */

/* Begin XCVersionGroup section */
		04647E4C2A0DC595001B55B4 /* MovieHub.xcdatamodeld */ = {
			isa = XCVersionGroup;
			children = (
				04647E4D2A0DC595001B55B4 /* MovieHub.xcdatamodel */,
			);
			currentVersion = 04647E4D2A0DC595001B55B4 /* MovieHub.xcdatamodel */;
			path = MovieHub.xcdatamodeld;
			sourceTree = "<group>";
			versionGroupType = wrapper.xcdatamodel;
		};
/* End XCVersionGroup section */
	};
	rootObject = 04647E362A0DC593001B55B4 /* Project object */;
}
